
Microsoft Visual Studio Solution File, Format Version 12.00
# Visual Studio 15
VisualStudioVersion = 15.0.27428.2015
MinimumVisualStudioVersion = 10.0.40219.1
Project("{FAE04EC0-301F-11D3-BF4B-00C04F79EFBC}") = "SEPubViewer", "SEPubViewer\SEPubViewer.csproj", "{40082D76-CC05-41C5-B04B-F0E93A4DB17F}"
EndProject
Project("{FAE04EC0-301F-11D3-BF4B-00C04F79EFBC}") = "SECCommunication", "SECCommunication\SECCommunication.csproj", "{FF761E67-240C-4DF6-807A-02EB703353B2}"
EndProject
Project("{FAE04EC0-301F-11D3-BF4B-00C04F79EFBC}") = "SECCommunication.UnitTests", "SECCommunication.UnitTests\SECCommunication.UnitTests.csproj", "{55BCCE65-9C81-4166-9C69-E554A68F26A1}"
EndProject
Global
	GlobalSection(SolutionConfigurationPlatforms) = preSolution
		Debug|Any CPU = Debug|Any CPU
		Release|Any CPU = Release|Any CPU
	EndGlobalSection
	GlobalSection(ProjectConfigurationPlatforms) = postSolution
		{40082D76-CC05-41C5-B04B-F0E93A4DB17F}.Debug|Any CPU.ActiveCfg = Debug|Any CPU
		{40082D76-CC05-41C5-B04B-F0E93A4DB17F}.Debug|Any CPU.Build.0 = Debug|Any CPU
		{40082D76-CC05-41C5-B04B-F0E93A4DB17F}.Release|Any CPU.ActiveCfg = Release|Any CPU
		{40082D76-CC05-41C5-B04B-F0E93A4DB17F}.Release|Any CPU.Build.0 = Release|Any CPU
		{FF761E67-240C-4DF6-807A-02EB703353B2}.Debug|Any CPU.ActiveCfg = Debug|Any CPU
		{FF761E67-240C-4DF6-807A-02EB703353B2}.Debug|Any CPU.Build.0 = Debug|Any CPU
		{FF761E67-240C-4DF6-807A-02EB703353B2}.Release|Any CPU.ActiveCfg = Release|Any CPU
		{FF761E67-240C-4DF6-807A-02EB703353B2}.Release|Any CPU.Build.0 = Release|Any CPU
		{55BCCE65-9C81-4166-9C69-E554A68F26A1}.Debug|Any CPU.ActiveCfg = Debug|Any CPU
		{55BCCE65-9C81-4166-9C69-E554A68F26A1}.Debug|Any CPU.Build.0 = Debug|Any CPU
		{55BCCE65-9C81-4166-9C69-E554A68F26A1}.Release|Any CPU.ActiveCfg = Release|Any CPU
		{55BCCE65-9C81-4166-9C69-E554A68F26A1}.Release|Any CPU.Build.0 = Release|Any CPU
	EndGlobalSection
	GlobalSection(SolutionProperties) = preSolution
		HideSolutionNode = FALSE
	EndGlobalSection
	GlobalSection(ExtensibilityGlobals) = postSolution
		SolutionGuid = {2A6128CC-A9B7-43C2-ABDE-569236516D18}
	EndGlobalSection
EndGlobal
